
Microsoft Visual Studio Solution File, Format Version 12.00
# Visual Studio 15
VisualStudioVersion = 15.0.28010.2036
MinimumVisualStudioVersion = 10.0.40219.1
Project("{FAE04EC0-301F-11D3-BF4B-00C04F79EFBC}") = "BrowserToWebApp", "BrowserToWebApp\BrowserToWebApp.csproj", "{69622D48-1067-40CC-9934-DFDFAC21FB2C}"
EndProject
Global
	GlobalSection(SolutionConfigurationPlatforms) = preSolution
		Debug|Any CPU = Debug|Any CPU
		Release|Any CPU = Release|Any CPU
	EndGlobalSection
	GlobalSection(ProjectConfigurationPlatforms) = postSolution
		{69622D48-1067-40CC-9934-DFDFAC21FB2C}.Debug|Any CPU.ActiveCfg = Debug|Any CPU
		{69622D48-1067-40CC-9934-DFDFAC21FB2C}.Debug|Any CPU.Build.0 = Debug|Any CPU
		{69622D48-1067-40CC-9934-DFDFAC21FB2C}.Release|Any CPU.ActiveCfg = Release|Any CPU
		{69622D48-1067-40CC-9934-DFDFAC21FB2C}.Release|Any CPU.Build.0 = Release|Any CPU
	EndGlobalSection
	GlobalSection(SolutionProperties) = preSolution
		HideSolutionNode = FALSE
	EndGlobalSection
	GlobalSection(ExtensibilityGlobals) = postSolution
		SolutionGuid = {B2F9B1C2-585B-4493-A2AC-023504CFDBD4}
	EndGlobalSection
EndGlobal
